
Microsoft Visual Studio Solution File, Format Version 12.00
# Visual Studio 15
VisualStudioVersion = 15.0.27703.2047
MinimumVisualStudioVersion = 10.0.40219.1
Project("{9A19103F-16F7-4668-BE54-9A1E7A4F7556}") = "dinwin", "dinwin\dinwin.csproj", "{F22BACDB-B9D5-4B1F-8592-CDBC05E40954}"
EndProject
Project("{9A19103F-16F7-4668-BE54-9A1E7A4F7556}") = "dinwin.tests", "dinwin.tests\dinwin.tests.csproj", "{DD672208-1C16-4660-A8A3-9BDF0459AF1A}"
EndProject
Project("{FAE04EC0-301F-11D3-BF4B-00C04F79EFBC}") = "ConsoleApp", "ConsoleApp\ConsoleApp.csproj", "{9F0DCD47-108A-4891-ADDB-1ADAFC2CAA41}"
EndProject
Global
	GlobalSection(SolutionConfigurationPlatforms) = preSolution
		Debug|Any CPU = Debug|Any CPU
		Release|Any CPU = Release|Any CPU
	EndGlobalSection
	GlobalSection(ProjectConfigurationPlatforms) = postSolution
		{F22BACDB-B9D5-4B1F-8592-CDBC05E40954}.Debug|Any CPU.ActiveCfg = Debug|Any CPU
		{F22BACDB-B9D5-4B1F-8592-CDBC05E40954}.Debug|Any CPU.Build.0 = Debug|Any CPU
		{F22BACDB-B9D5-4B1F-8592-CDBC05E40954}.Release|Any CPU.ActiveCfg = Release|Any CPU
		{F22BACDB-B9D5-4B1F-8592-CDBC05E40954}.Release|Any CPU.Build.0 = Release|Any CPU
		{DD672208-1C16-4660-A8A3-9BDF0459AF1A}.Debug|Any CPU.ActiveCfg = Debug|Any CPU
		{DD672208-1C16-4660-A8A3-9BDF0459AF1A}.Debug|Any CPU.Build.0 = Debug|Any CPU
		{DD672208-1C16-4660-A8A3-9BDF0459AF1A}.Release|Any CPU.ActiveCfg = Release|Any CPU
		{DD672208-1C16-4660-A8A3-9BDF0459AF1A}.Release|Any CPU.Build.0 = Release|Any CPU
		{9F0DCD47-108A-4891-ADDB-1ADAFC2CAA41}.Debug|Any CPU.ActiveCfg = Debug|Any CPU
		{9F0DCD47-108A-4891-ADDB-1ADAFC2CAA41}.Debug|Any CPU.Build.0 = Debug|Any CPU
		{9F0DCD47-108A-4891-ADDB-1ADAFC2CAA41}.Release|Any CPU.ActiveCfg = Release|Any CPU
		{9F0DCD47-108A-4891-ADDB-1ADAFC2CAA41}.Release|Any CPU.Build.0 = Release|Any CPU
	EndGlobalSection
	GlobalSection(SolutionProperties) = preSolution
		HideSolutionNode = FALSE
	EndGlobalSection
	GlobalSection(ExtensibilityGlobals) = postSolution
		SolutionGuid = {A2D125E8-95B9-47E0-ACA7-C47EE3532266}
	EndGlobalSection
EndGlobal
